
Microsoft Visual Studio Solution File, Format Version 11.00
# Visual Studio 2010
Project("{FAE04EC0-301F-11D3-BF4B-00C04F79EFBC}") = "MnemonicFS", "MnemonicFS\MnemonicFS.csproj", "{C51E799E-0601-4056-806E-584FD86DF48C}"
EndProject
Project("{FAE04EC0-301F-11D3-BF4B-00C04F79EFBC}") = "MnemonicFSTests", "MnemonicFSTests\MnemonicFSTests.csproj", "{B228BBB7-EBC1-4A2D-BA7C-5E0246B14FAC}"
EndProject
Global
	GlobalSection(SolutionConfigurationPlatforms) = preSolution
		Debug|Any CPU = Debug|Any CPU
		Debug|Mixed Platforms = Debug|Mixed Platforms
		Debug|Win32 = Debug|Win32
		Release|Any CPU = Release|Any CPU
		Release|Mixed Platforms = Release|Mixed Platforms
		Release|Win32 = Release|Win32
	EndGlobalSection
	GlobalSection(ProjectConfigurationPlatforms) = postSolution
		{C51E799E-0601-4056-806E-584FD86DF48C}.Debug|Any CPU.ActiveCfg = Debug|Any CPU
		{C51E799E-0601-4056-806E-584FD86DF48C}.Debug|Any CPU.Build.0 = Debug|Any CPU
		{C51E799E-0601-4056-806E-584FD86DF48C}.Debug|Mixed Platforms.ActiveCfg = Debug|Any CPU
		{C51E799E-0601-4056-806E-584FD86DF48C}.Debug|Mixed Platforms.Build.0 = Debug|Any CPU
		{C51E799E-0601-4056-806E-584FD86DF48C}.Debug|Win32.ActiveCfg = Debug|Any CPU
		{C51E799E-0601-4056-806E-584FD86DF48C}.Release|Any CPU.ActiveCfg = Release|Any CPU
		{C51E799E-0601-4056-806E-584FD86DF48C}.Release|Any CPU.Build.0 = Release|Any CPU
		{C51E799E-0601-4056-806E-584FD86DF48C}.Release|Mixed Platforms.ActiveCfg = Release|Any CPU
		{C51E799E-0601-4056-806E-584FD86DF48C}.Release|Mixed Platforms.Build.0 = Release|Any CPU
		{C51E799E-0601-4056-806E-584FD86DF48C}.Release|Win32.ActiveCfg = Release|Any CPU
		{B228BBB7-EBC1-4A2D-BA7C-5E0246B14FAC}.Debug|Any CPU.ActiveCfg = Debug|Any CPU
		{B228BBB7-EBC1-4A2D-BA7C-5E0246B14FAC}.Debug|Any CPU.Build.0 = Debug|Any CPU
		{B228BBB7-EBC1-4A2D-BA7C-5E0246B14FAC}.Debug|Mixed Platforms.ActiveCfg = Debug|Any CPU
		{B228BBB7-EBC1-4A2D-BA7C-5E0246B14FAC}.Debug|Mixed Platforms.Build.0 = Debug|Any CPU
		{B228BBB7-EBC1-4A2D-BA7C-5E0246B14FAC}.Debug|Win32.ActiveCfg = Debug|Any CPU
		{B228BBB7-EBC1-4A2D-BA7C-5E0246B14FAC}.Release|Any CPU.ActiveCfg = Release|Any CPU
		{B228BBB7-EBC1-4A2D-BA7C-5E0246B14FAC}.Release|Any CPU.Build.0 = Release|Any CPU
		{B228BBB7-EBC1-4A2D-BA7C-5E0246B14FAC}.Release|Mixed Platforms.ActiveCfg = Release|Any CPU
		{B228BBB7-EBC1-4A2D-BA7C-5E0246B14FAC}.Release|Mixed Platforms.Build.0 = Release|Any CPU
		{B228BBB7-EBC1-4A2D-BA7C-5E0246B14FAC}.Release|Win32.ActiveCfg = Release|Any CPU
	EndGlobalSection
	GlobalSection(SolutionProperties) = preSolution
		HideSolutionNode = FALSE
	EndGlobalSection
EndGlobal
